// !$*UTF8*$!
{
	archiveVersion = 1;
	classes = {
	};
	objectVersion = 77;
	objects = {

/* Begin PBXBuildFile section */
		3AC97105302924C100613226 /* AppDelegate.swift in Sources */ = {isa = PBXBuildFile; fileRef = 3AC97104302924C100613226 /* AppDelegate.swift */; };
		3AC97107302924C100613226 /* SceneDelegate.swift in Sources */ = {isa = PBXBuildFile; fileRef = 3AC97106302924C100613226 /* SceneDelegate.swift */; };
		3AC9710A302924C100613226 /* LaunchScreen.storyboard in Resources */ = {isa = PBXBuildFile; fileRef = 3AC97108302924C100613226 /* LaunchScreen.storyboard */; };
		3AC9710D302924C100613226 /* Main.storyboard in Resources */ = {isa = PBXBuildFile; fileRef = 3AC9710B302924C100613226 /* Main.storyboard */; };
		3AC97116302924C100613226 /* AppDelegate.swift in Sources */ = {isa = PBXBuildFile; fileRef = 3AC97115302924C100613226 /* AppDelegate.swift */; };
		3AC97119302924C100613226 /* Main.storyboard in Resources */ = {isa = PBXBuildFile; fileRef = 3AC97117302924C100613226 /* Main.storyboard */; };
		3AC97120302924C100613226 /* Clear AT Extension.appex in Embed Foundation Extensions */ = {isa = PBXBuildFile; fileRef = 3AC9711F302924C100613226 /* Clear AT Extension.appex */; settings = {ATTRIBUTES = (RemoveHeadersOnCopy, ); }; };
		3AC9712A302924C100613226 /* Clear AT Extension.appex in Embed Foundation Extensions */ = {isa = PBXBuildFile; fileRef = 3AC97129302924C100613226 /* Clear AT Extension.appex */; settings = {ATTRIBUTES = (RemoveHeadersOnCopy, ); }; };
		3AC9712F302924C100613226 /* Main.html in Resources */ = {isa = PBXBuildFile; fileRef = 3AC970F4302924C100613226 /* Main.html */; };
		3AC97130302924C100613226 /* Main.html in Resources */ = {isa = PBXBuildFile; fileRef = 3AC970F4302924C100613226 /* Main.html */; };
		3AC97131302924C100613226 /* Icon.png in Resources */ = {isa = PBXBuildFile; fileRef = 3AC970F6302924C100613226 /* Icon.png */; };
		3AC97132302924C100613226 /* Icon.png in Resources */ = {isa = PBXBuildFile; fileRef = 3AC970F6302924C100613226 /* Icon.png */; };
		3AC97133302924C100613226 /* Style.css in Resources */ = {isa = PBXBuildFile; fileRef = 3AC970F7302924C100613226 /* Style.css */; };
		3AC97134302924C100613226 /* Style.css in Resources */ = {isa = PBXBuildFile; fileRef = 3AC970F7302924C100613226 /* Style.css */; };
		3AC97135302924C100613226 /* Script.js in Resources */ = {isa = PBXBuildFile; fileRef = 3AC970F8302924C100613226 /* Script.js */; };
		3AC97136302924C100613226 /* Script.js in Resources */ = {isa = PBXBuildFile; fileRef = 3AC970F8302924C100613226 /* Script.js */; };
		3AC97137302924C100613226 /* ViewController.swift in Sources */ = {isa = PBXBuildFile; fileRef = 3AC970F9302924C100613226 /* ViewController.swift */; };
		3AC97138302924C100613226 /* ViewController.swift in Sources */ = {isa = PBXBuildFile; fileRef = 3AC970F9302924C100613226 /* ViewController.swift */; };
		3AC97139302924C100613226 /* Assets.xcassets in Resources */ = {isa = PBXBuildFile; fileRef = 3AC970FA302924C100613226 /* Assets.xcassets */; };
		3AC9713A302924C100613226 /* Assets.xcassets in Resources */ = {isa = PBXBuildFile; fileRef = 3AC970FA302924C100613226 /* Assets.xcassets */; };
		3AC9713B302924C100613226 /* SafariWebExtensionHandler.swift in Sources */ = {isa = PBXBuildFile; fileRef = 3AC970FC302924C100613226 /* SafariWebExtensionHandler.swift */; };
		3AC9713C302924C100613226 /* SafariWebExtensionHandler.swift in Sources */ = {isa = PBXBuildFile; fileRef = 3AC970FC302924C100613226 /* SafariWebExtensionHandler.swift */; };
		3AC97151302924C100613226 /* icons in Resources */ = {isa = PBXBuildFile; fileRef = 3AC9714E302924C100613226 /* icons */; };
		3AC97152302924C100613226 /* manifest.json in Resources */ = {isa = PBXBuildFile; fileRef = 3AC9714F302924C100613226 /* manifest.json */; };
		3AC97153302924C100613226 /* src in Resources */ = {isa = PBXBuildFile; fileRef = 3AC97150302924C100613226 /* src */; };
		3AC97154302924C100613226 /* icons in Resources */ = {isa = PBXBuildFile; fileRef = 3AC9714E302924C100613226 /* icons */; };
		3AC97155302924C100613226 /* manifest.json in Resources */ = {isa = PBXBuildFile; fileRef = 3AC9714F302924C100613226 /* manifest.json */; };
		3AC97156302924C100613226 /* src in Resources */ = {isa = PBXBuildFile; fileRef = 3AC97150302924C100613226 /* src */; };
/* End PBXBuildFile section */

/* Begin PBXContainerItemProxy section */
		3AC97121302924C100613226 /* PBXContainerItemProxy */ = {
			isa = PBXContainerItemProxy;
			containerPortal = 3AC970EE302924C100613226 /* Project object */;
			proxyType = 1;
			remoteGlobalIDString = 3AC9711E302924C100613226;
			remoteInfo = "Clear AT Extension (iOS)";
		};
		3AC9712B302924C100613226 /* PBXContainerItemProxy */ = {
			isa = PBXContainerItemProxy;
			containerPortal = 3AC970EE302924C100613226 /* Project object */;
			proxyType = 1;
			remoteGlobalIDString = 3AC97128302924C100613226;
			remoteInfo = "Clear AT Extension (macOS)";
		};
/* End PBXContainerItemProxy section */

/* Begin PBXCopyFilesBuildPhase section */
		3AC97142302924C100613226 /* Embed Foundation Extensions */ = {
			isa = PBXCopyFilesBuildPhase;
			buildActionMask = 2147483647;
			dstPath = "";
			dstSubfolderSpec = 13;
			files = (
				3AC97120302924C100613226 /* Clear AT Extension.appex in Embed Foundation Extensions */,
			);
			name = "Embed Foundation Extensions";
			runOnlyForDeploymentPostprocessing = 0;
		};
		3AC97149302924C100613226 /* Embed Foundation Extensions */ = {
			isa = PBXCopyFilesBuildPhase;
			buildActionMask = 2147483647;
			dstPath = "";
			dstSubfolderSpec = 13;
			files = (
				3AC9712A302924C100613226 /* Clear AT Extension.appex in Embed Foundation Extensions */,
			);
			name = "Embed Foundation Extensions";
			runOnlyForDeploymentPostprocessing = 0;
		};
/* End PBXCopyFilesBuildPhase section */

/* Begin PBXFileReference section */
		3AC970F5302924C100613226 /* Base */ = {isa = PBXFileReference; lastKnownFileType = text.html; name = Base; path = Base.lproj/Main.html; sourceTree = "<group>"; };
		3AC970F6302924C100613226 /* Icon.png */ = {isa = PBXFileReference; lastKnownFileType = image.png; path = Icon.png; sourceTree = "<group>"; };
		3AC970F7302924C100613226 /* Style.css */ = {isa = PBXFileReference; lastKnownFileType = text.css; path = Style.css; sourceTree = "<group>"; };
		3AC970F8302924C100613226 /* Script.js */ = {isa = PBXFileReference; lastKnownFileType = sourcecode.javascript; path = Script.js; sourceTree = "<group>"; };
		3AC970F9302924C100613226 /* ViewController.swift */ = {isa = PBXFileReference; lastKnownFileType = sourcecode.swift; path = ViewController.swift; sourceTree = "<group>"; };
		3AC970FA302924C100613226 /* Assets.xcassets */ = {isa = PBXFileReference; lastKnownFileType = folder.assetcatalog; path = Assets.xcassets; sourceTree = "<group>"; };
		3AC970FC302924C100613226 /* SafariWebExtensionHandler.swift */ = {isa = PBXFileReference; lastKnownFileType = sourcecode.swift; path = SafariWebExtensionHandler.swift; sourceTree = "<group>"; };
		3AC97101302924C100613226 /* Clear AT.app */ = {isa = PBXFileReference; explicitFileType = wrapper.application; includeInIndex = 0; path = "Clear AT.app"; sourceTree = BUILT_PRODUCTS_DIR; };
		3AC97104302924C100613226 /* AppDelegate.swift */ = {isa = PBXFileReference; lastKnownFileType = sourcecode.swift; path = AppDelegate.swift; sourceTree = "<group>"; };
		3AC97106302924C100613226 /* SceneDelegate.swift */ = {isa = PBXFileReference; lastKnownFileType = sourcecode.swift; path = SceneDelegate.swift; sourceTree = "<group>"; };
		3AC97109302924C100613226 /* Base */ = {isa = PBXFileReference; lastKnownFileType = file.storyboard; name = Base; path = Base.lproj/LaunchScreen.storyboard; sourceTree = "<group>"; };
		3AC9710C302924C100613226 /* Base */ = {isa = PBXFileReference; lastKnownFileType = file.storyboard; name = Base; path = Base.lproj/Main.storyboard; sourceTree = "<group>"; };
		3AC9710E302924C100613226 /* Info.plist */ = {isa = PBXFileReference; lastKnownFileType = text.plist.xml; path = Info.plist; sourceTree = "<group>"; };
		3AC97113302924C100613226 /* Clear AT.app */ = {isa = PBXFileReference; explicitFileType = wrapper.application; includeInIndex = 0; path = "Clear AT.app"; sourceTree = BUILT_PRODUCTS_DIR; };
		3AC97115302924C100613226 /* AppDelegate.swift */ = {isa = PBXFileReference; lastKnownFileType = sourcecode.swift; path = AppDelegate.swift; sourceTree = "<group>"; };
		3AC97118302924C100613226 /* Base */ = {isa = PBXFileReference; lastKnownFileType = file.storyboard; name = Base; path = Base.lproj/Main.storyboard; sourceTree = "<group>"; };
		3AC9711A302924C100613226 /* Info.plist */ = {isa = PBXFileReference; lastKnownFileType = text.plist.xml; path = Info.plist; sourceTree = "<group>"; };
		3AC9711F302924C100613226 /* Clear AT Extension.appex */ = {isa = PBXFileReference; explicitFileType = "wrapper.app-extension"; includeInIndex = 0; path = "Clear AT Extension.appex"; sourceTree = BUILT_PRODUCTS_DIR; };
		3AC97124302924C100613226 /* Info.plist */ = {isa = PBXFileReference; lastKnownFileType = text.plist.xml; path = Info.plist; sourceTree = "<group>"; };
		3AC97129302924C100613226 /* Clear AT Extension.appex */ = {isa = PBXFileReference; explicitFileType = "wrapper.app-extension"; includeInIndex = 0; path = "Clear AT Extension.appex"; sourceTree = BUILT_PRODUCTS_DIR; };
		3AC9712E302924C100613226 /* Info.plist */ = {isa = PBXFileReference; lastKnownFileType = text.plist.xml; path = Info.plist; sourceTree = "<group>"; };
		3AC9714E302924C100613226 /* icons */ = {isa = PBXFileReference; lastKnownFileType = folder; name = icons; path = Resources/icons; sourceTree = "<group>"; };
		3AC9714F302924C100613226 /* manifest.json */ = {isa = PBXFileReference; lastKnownFileType = text.json; name = manifest.json; path = Resources/manifest.json; sourceTree = "<group>"; };
		3AC97150302924C100613226 /* src */ = {isa = PBXFileReference; lastKnownFileType = folder; name = src; path = Resources/src; sourceTree = "<group>"; };
/* End PBXFileReference section */

/* Begin PBXFrameworksBuildPhase section */
		3AC970FE302924C100613226 /* Frameworks */ = {
			isa = PBXFrameworksBuildPhase;
			buildActionMask = 2147483647;
			files = (
			);
			runOnlyForDeploymentPostprocessing = 0;
		};
		3AC97110302924C100613226 /* Frameworks */ = {
			isa = PBXFrameworksBuildPhase;
			buildActionMask = 2147483647;
			files = (
			);
			runOnlyForDeploymentPostprocessing = 0;
		};
		3AC9711C302924C100613226 /* Frameworks */ = {
			isa = PBXFrameworksBuildPhase;
			buildActionMask = 2147483647;
			files = (
			);
			runOnlyForDeploymentPostprocessing = 0;
		};
		3AC97126302924C100613226 /* Frameworks */ = {
			isa = PBXFrameworksBuildPhase;
			buildActionMask = 2147483647;
			files = (
			);
			runOnlyForDeploymentPostprocessing = 0;
		};
/* End PBXFrameworksBuildPhase section */

/* Begin PBXGroup section */
		3AC970ED302924C100613226 = {
			isa = PBXGroup;
			children = (
				3AC970F2302924C100613226 /* Shared (App) */,
				3AC970FB302924C100613226 /* Shared (Extension) */,
				3AC97103302924C100613226 /* iOS (App) */,
				3AC97114302924C100613226 /* macOS (App) */,
				3AC97123302924C100613226 /* iOS (Extension) */,
				3AC9712D302924C100613226 /* macOS (Extension) */,
				3AC97102302924C100613226 /* Products */,
			);
			sourceTree = "<group>";
		};
		3AC970F2302924C100613226 /* Shared (App) */ = {
			isa = PBXGroup;
			children = (
				3AC970F9302924C100613226 /* ViewController.swift */,
				3AC970FA302924C100613226 /* Assets.xcassets */,
				3AC970F3302924C100613226 /* Resources */,
			);
			path = "Shared (App)";
			sourceTree = "<group>";
		};
		3AC970F3302924C100613226 /* Resources */ = {
			isa = PBXGroup;
			children = (
				3AC970F4302924C100613226 /* Main.html */,
				3AC970F6302924C100613226 /* Icon.png */,
				3AC970F7302924C100613226 /* Style.css */,
				3AC970F8302924C100613226 /* Script.js */,
			);
			path = Resources;
			sourceTree = "<group>";
		};
		3AC970FB302924C100613226 /* Shared (Extension) */ = {
			isa = PBXGroup;
			children = (
				3AC9714D302924C100613226 /* Resources */,
				3AC970FC302924C100613226 /* SafariWebExtensionHandler.swift */,
			);
			path = "Shared (Extension)";
			sourceTree = "<group>";
		};
		3AC97102302924C100613226 /* Products */ = {
			isa = PBXGroup;
			children = (
				3AC97101302924C100613226 /* Clear AT.app */,
				3AC97113302924C100613226 /* Clear AT.app */,
				3AC9711F302924C100613226 /* Clear AT Extension.appex */,
				3AC97129302924C100613226 /* Clear AT Extension.appex */,
			);
			name = Products;
			sourceTree = "<group>";
		};
		3AC97103302924C100613226 /* iOS (App) */ = {
			isa = PBXGroup;
			children = (
				3AC97104302924C100613226 /* AppDelegate.swift */,
				3AC97106302924C100613226 /* SceneDelegate.swift */,
				3AC97108302924C100613226 /* LaunchScreen.storyboard */,
				3AC9710B302924C100613226 /* Main.storyboard */,
				3AC9710E302924C100613226 /* Info.plist */,
			);
			path = "iOS (App)";
			sourceTree = "<group>";
		};
		3AC97114302924C100613226 /* macOS (App) */ = {
			isa = PBXGroup;
			children = (
				3AC97115302924C100613226 /* AppDelegate.swift */,
				3AC97117302924C100613226 /* Main.storyboard */,
				3AC9711A302924C100613226 /* Info.plist */,
			);
			path = "macOS (App)";
			sourceTree = "<group>";
		};
		3AC97123302924C100613226 /* iOS (Extension) */ = {
			isa = PBXGroup;
			children = (
				3AC97124302924C100613226 /* Info.plist */,
			);
			path = "iOS (Extension)";
			sourceTree = "<group>";
		};
		3AC9712D302924C100613226 /* macOS (Extension) */ = {
			isa = PBXGroup;
			children = (
				3AC9712E302924C100613226 /* Info.plist */,
			);
			path = "macOS (Extension)";
			sourceTree = "<group>";
		};
		3AC9714D302924C100613226 /* Resources */ = {
			isa = PBXGroup;
			children = (
				3AC9714E302924C100613226 /* icons */,
				3AC9714F302924C100613226 /* manifest.json */,
				3AC97150302924C100613226 /* src */,
			);
			name = Resources;
			path = "Shared (Extension)";
			sourceTree = SOURCE_ROOT;
		};
/* End PBXGroup section */

/* Begin PBXNativeTarget section */
		3AC97100302924C100613226 /* Clear AT (iOS) */ = {
			isa = PBXNativeTarget;
			buildConfigurationList = 3AC97143302924C100613226 /* Build configuration list for PBXNativeTarget "Clear AT (iOS)" */;
			buildPhases = (
				3AC970FD302924C100613226 /* Sources */,
				3AC970FE302924C100613226 /* Frameworks */,
				3AC970FF302924C100613226 /* Resources */,
				3AC97142302924C100613226 /* Embed Foundation Extensions */,
			);
			buildRules = (
			);
			dependencies = (
				3AC97122302924C100613226 /* PBXTargetDependency */,
			);
			name = "Clear AT (iOS)";
			packageProductDependencies = (
			);
			productName = "Clear AT (iOS)";
			productReference = 3AC97101302924C100613226 /* Clear AT.app */;
			productType = "com.apple.product-type.application";
		};
		3AC97112302924C100613226 /* Clear AT (macOS) */ = {
			isa = PBXNativeTarget;
			buildConfigurationList = 3AC9714A302924C100613226 /* Build configuration list for PBXNativeTarget "Clear AT (macOS)" */;
			buildPhases = (
				3AC9710F302924C100613226 /* Sources */,
				3AC97110302924C100613226 /* Frameworks */,
				3AC97111302924C100613226 /* Resources */,
				3AC97149302924C100613226 /* Embed Foundation Extensions */,
			);
			buildRules = (
			);
			dependencies = (
				3AC9712C302924C100613226 /* PBXTargetDependency */,
			);
			name = "Clear AT (macOS)";
			packageProductDependencies = (
			);
			productName = "Clear AT (macOS)";
			productReference = 3AC97113302924C100613226 /* Clear AT.app */;
			productType = "com.apple.product-type.application";
		};
		3AC9711E302924C100613226 /* Clear AT Extension (iOS) */ = {
			isa = PBXNativeTarget;
			buildConfigurationList = 3AC9713F302924C100613226 /* Build configuration list for PBXNativeTarget "Clear AT Extension (iOS)" */;
			buildPhases = (
				3AC9711B302924C100613226 /* Sources */,
				3AC9711C302924C100613226 /* Frameworks */,
				3AC9711D302924C100613226 /* Resources */,
			);
			buildRules = (
			);
			dependencies = (
			);
			name = "Clear AT Extension (iOS)";
			packageProductDependencies = (
			);
			productName = "Clear AT Extension (iOS)";
			productReference = 3AC9711F302924C100613226 /* Clear AT Extension.appex */;
			productType = "com.apple.product-type.app-extension";
		};
		3AC97128302924C100613226 /* Clear AT Extension (macOS) */ = {
			isa = PBXNativeTarget;
			buildConfigurationList = 3AC97146302924C100613226 /* Build configuration list for PBXNativeTarget "Clear AT Extension (macOS)" */;
			buildPhases = (
				3AC97125302924C100613226 /* Sources */,
				3AC97126302924C100613226 /* Frameworks */,
				3AC97127302924C100613226 /* Resources */,
			);
			buildRules = (
			);
			dependencies = (
			);
			name = "Clear AT Extension (macOS)";
			packageProductDependencies = (
			);
			productName = "Clear AT Extension (macOS)";
			productReference = 3AC97129302924C100613226 /* Clear AT Extension.appex */;
			productType = "com.apple.product-type.app-extension";
		};
/* End PBXNativeTarget section */

/* Begin PBXProject section */
		3AC970EE302924C100613226 /* Project object */ = {
			isa = PBXProject;
			attributes = {
				BuildIndependentTargetsInParallel = 1;
				LastSwiftUpdateCheck = 2660;
				LastUpgradeCheck = 2660;
				TargetAttributes = {
					3AC97100302924C100613226 = {
						CreatedOnToolsVersion = 26.6;
					};
					3AC97112302924C100613226 = {
						CreatedOnToolsVersion = 26.6;
					};
					3AC9711E302924C100613226 = {
						CreatedOnToolsVersion = 26.6;
					};
					3AC97128302924C100613226 = {
						CreatedOnToolsVersion = 26.6;
					};
				};
			};
			buildConfigurationList = 3AC970F1302924C100613226 /* Build configuration list for PBXProject "Clear AT" */;
			developmentRegion = en;
			hasScannedForEncodings = 0;
			knownRegions = (
				en,
				Base,
			);
			mainGroup = 3AC970ED302924C100613226;
			minimizedProjectReferenceProxies = 1;
			preferredProjectObjectVersion = 77;
			productRefGroup = 3AC97102302924C100613226 /* Products */;
			projectDirPath = "";
			projectRoot = "";
			targets = (
				3AC97100302924C100613226 /* Clear AT (iOS) */,
				3AC97112302924C100613226 /* Clear AT (macOS) */,
				3AC9711E302924C100613226 /* Clear AT Extension (iOS) */,
				3AC97128302924C100613226 /* Clear AT Extension (macOS) */,
			);
		};
/* End PBXProject section */

/* Begin PBXResourcesBuildPhase section */
		3AC970FF302924C100613226 /* Resources */ = {
			isa = PBXResourcesBuildPhase;
			buildActionMask = 2147483647;
			files = (
				3AC97131302924C100613226 /* Icon.png in Resources */,
				3AC9710A302924C100613226 /* LaunchScreen.storyboard in Resources */,
				3AC9712F302924C100613226 /* Main.html in Resources */,
				3AC97135302924C100613226 /* Script.js in Resources */,
				3AC97139302924C100613226 /* Assets.xcassets in Resources */,
				3AC9710D302924C100613226 /* Main.storyboard in Resources */,
				3AC97133302924C100613226 /* Style.css in Resources */,
			);
			runOnlyForDeploymentPostprocessing = 0;
		};
		3AC97111302924C100613226 /* Resources */ = {
			isa = PBXResourcesBuildPhase;
			buildActionMask = 2147483647;
			files = (
				3AC97132302924C100613226 /* Icon.png in Resources */,
				3AC97134302924C100613226 /* Style.css in Resources */,
				3AC97119302924C100613226 /* Main.storyboard in Resources */,
				3AC97136302924C100613226 /* Script.js in Resources */,
				3AC9713A302924C100613226 /* Assets.xcassets in Resources */,
				3AC97130302924C100613226 /* Main.html in Resources */,
			);
			runOnlyForDeploymentPostprocessing = 0;
		};
		3AC9711D302924C100613226 /* Resources */ = {
			isa = PBXResourcesBuildPhase;
			buildActionMask = 2147483647;
			files = (
				3AC97156302924C100613226 /* src in Resources */,
				3AC97155302924C100613226 /* manifest.json in Resources */,
				3AC97154302924C100613226 /* icons in Resources */,
			);
			runOnlyForDeploymentPostprocessing = 0;
		};
		3AC97127302924C100613226 /* Resources */ = {
			isa = PBXResourcesBuildPhase;
			buildActionMask = 2147483647;
			files = (
				3AC97153302924C100613226 /* src in Resources */,
				3AC97152302924C100613226 /* manifest.json in Resources */,
				3AC97151302924C100613226 /* icons in Resources */,
			);
			runOnlyForDeploymentPostprocessing = 0;
		};
/* End PBXResourcesBuildPhase section */

/* Begin PBXSourcesBuildPhase section */
		3AC970FD302924C100613226 /* Sources */ = {
			isa = PBXSourcesBuildPhase;
			buildActionMask = 2147483647;
			files = (
				3AC97137302924C100613226 /* ViewController.swift in Sources */,
				3AC97105302924C100613226 /* AppDelegate.swift in Sources */,
				3AC97107302924C100613226 /* SceneDelegate.swift in Sources */,
			);
			runOnlyForDeploymentPostprocessing = 0;
		};
		3AC9710F302924C100613226 /* Sources */ = {
			isa = PBXSourcesBuildPhase;
			buildActionMask = 2147483647;
			files = (
				3AC97138302924C100613226 /* ViewController.swift in Sources */,
				3AC97116302924C100613226 /* AppDelegate.swift in Sources */,
			);
			runOnlyForDeploymentPostprocessing = 0;
		};
		3AC9711B302924C100613226 /* Sources */ = {
			isa = PBXSourcesBuildPhase;
			buildActionMask = 2147483647;
			files = (
				3AC9713B302924C100613226 /* SafariWebExtensionHandler.swift in Sources */,
			);
			runOnlyForDeploymentPostprocessing = 0;
		};
		3AC97125302924C100613226 /* Sources */ = {
			isa = PBXSourcesBuildPhase;
			buildActionMask = 2147483647;
			files = (
				3AC9713C302924C100613226 /* SafariWebExtensionHandler.swift in Sources */,
			);
			runOnlyForDeploymentPostprocessing = 0;
		};
/* End PBXSourcesBuildPhase section */

/* Begin PBXTargetDependency section */
		3AC97122302924C100613226 /* PBXTargetDependency */ = {
			isa = PBXTargetDependency;
			target = 3AC9711E302924C100613226 /* Clear AT Extension (iOS) */;
			targetProxy = 3AC97121302924C100613226 /* PBXContainerItemProxy */;
		};
		3AC9712C302924C100613226 /* PBXTargetDependency */ = {
			isa = PBXTargetDependency;
			target = 3AC97128302924C100613226 /* Clear AT Extension (macOS) */;
			targetProxy = 3AC9712B302924C100613226 /* PBXContainerItemProxy */;
		};
/* End PBXTargetDependency section */

/* Begin PBXVariantGroup section */
		3AC970F4302924C100613226 /* Main.html */ = {
			isa = PBXVariantGroup;
			children = (
				3AC970F5302924C100613226 /* Base */,
			);
			name = Main.html;
			sourceTree = "<group>";
		};
		3AC97108302924C100613226 /* LaunchScreen.storyboard */ = {
			isa = PBXVariantGroup;
			children = (
				3AC97109302924C100613226 /* Base */,
			);
			name = LaunchScreen.storyboard;
			sourceTree = "<group>";
		};
		3AC9710B302924C100613226 /* Main.storyboard */ = {
			isa = PBXVariantGroup;
			children = (
				3AC9710C302924C100613226 /* Base */,
			);
			name = Main.storyboard;
			sourceTree = "<group>";
		};
		3AC97117302924C100613226 /* Main.storyboard */ = {
			isa = PBXVariantGroup;
			children = (
				3AC97118302924C100613226 /* Base */,
			);
			name = Main.storyboard;
			sourceTree = "<group>";
		};
/* End PBXVariantGroup section */

/* Begin XCBuildConfiguration section */
		3AC9713D302924C100613226 /* Debug */ = {
			isa = XCBuildConfiguration;
			buildSettings = {
				ALWAYS_SEARCH_USER_PATHS = NO;
				ASSETCATALOG_COMPILER_GENERATE_SWIFT_ASSET_SYMBOL_EXTENSIONS = YES;
				CLANG_ANALYZER_NONNULL = YES;
				CLANG_ANALYZER_NUMBER_OBJECT_CONVERSION = YES_AGGRESSIVE;
				CLANG_CXX_LANGUAGE_STANDARD = "gnu++20";
				CLANG_ENABLE_MODULES = YES;
				CLANG_ENABLE_OBJC_ARC = YES;
				CLANG_ENABLE_OBJC_WEAK = YES;
				CLANG_WARN_BLOCK_CAPTURE_AUTORELEASING = YES;
				CLANG_WARN_BOOL_CONVERSION = YES;
				CLANG_WARN_COMMA = YES;
				CLANG_WARN_CONSTANT_CONVERSION = YES;
				CLANG_WARN_DEPRECATED_OBJC_IMPLEMENTATIONS = YES;
				CLANG_WARN_DIRECT_OBJC_ISA_USAGE = YES_ERROR;
				CLANG_WARN_DOCUMENTATION_COMMENTS = YES;
				CLANG_WARN_EMPTY_BODY = YES;
				CLANG_WARN_ENUM_CONVERSION = YES;
				CLANG_WARN_INFINITE_RECURSION = YES;
				CLANG_WARN_INT_CONVERSION = YES;
				CLANG_WARN_NON_LITERAL_NULL_CONVERSION = YES;
				CLANG_WARN_OBJC_IMPLICIT_RETAIN_SELF = YES;
				CLANG_WARN_OBJC_LITERAL_CONVERSION = YES;
				CLANG_WARN_OBJC_ROOT_CLASS = YES_ERROR;
				CLANG_WARN_QUOTED_INCLUDE_IN_FRAMEWORK_HEADER = YES;
				CLANG_WARN_RANGE_LOOP_ANALYSIS = YES;
				CLANG_WARN_STRICT_PROTOTYPES = YES;
				CLANG_WARN_SUSPICIOUS_MOVE = YES;
				CLANG_WARN_UNGUARDED_AVAILABILITY = YES_AGGRESSIVE;
				CLANG_WARN_UNREACHABLE_CODE = YES;
				CLANG_WARN__DUPLICATE_METHOD_MATCH = YES;
				COPY_PHASE_STRIP = NO;
				DEBUG_INFORMATION_FORMAT = dwarf;
				ENABLE_STRICT_OBJC_MSGSEND = YES;
				ENABLE_TESTABILITY = YES;
				ENABLE_USER_SCRIPT_SANDBOXING = YES;
				GCC_C_LANGUAGE_STANDARD = gnu17;
				GCC_DYNAMIC_NO_PIC = NO;
				GCC_NO_COMMON_BLOCKS = YES;
				GCC_OPTIMIZATION_LEVEL = 0;
				GCC_PREPROCESSOR_DEFINITIONS = (
					"DEBUG=1",
					"$(inherited)",
				);
				GCC_WARN_64_TO_32_BIT_CONVERSION = YES;
				GCC_WARN_ABOUT_RETURN_TYPE = YES_ERROR;
				GCC_WARN_UNDECLARED_SELECTOR = YES;
				GCC_WARN_UNINITIALIZED_AUTOS = YES_AGGRESSIVE;
				GCC_WARN_UNUSED_FUNCTION = YES;
				GCC_WARN_UNUSED_VARIABLE = YES;
				LOCALIZATION_PREFERS_STRING_CATALOGS = YES;
				MTL_ENABLE_DEBUG_INFO = INCLUDE_SOURCE;
				MTL_FAST_MATH = YES;
				ONLY_ACTIVE_ARCH = YES;
				SWIFT_ACTIVE_COMPILATION_CONDITIONS = "DEBUG $(inherited)";
				SWIFT_OPTIMIZATION_LEVEL = "-Onone";
			};
			name = Debug;
		};
		3AC9713E302924C100613226 /* Release */ = {
			isa = XCBuildConfiguration;
			buildSettings = {
				ALWAYS_SEARCH_USER_PATHS = NO;
				ASSETCATALOG_COMPILER_GENERATE_SWIFT_ASSET_SYMBOL_EXTENSIONS = YES;
				CLANG_ANALYZER_NONNULL = YES;
				CLANG_ANALYZER_NUMBER_OBJECT_CONVERSION = YES_AGGRESSIVE;
				CLANG_CXX_LANGUAGE_STANDARD = "gnu++20";
				CLANG_ENABLE_MODULES = YES;
				CLANG_ENABLE_OBJC_ARC = YES;
				CLANG_ENABLE_OBJC_WEAK = YES;
				CLANG_WARN_BLOCK_CAPTURE_AUTORELEASING = YES;
				CLANG_WARN_BOOL_CONVERSION = YES;
				CLANG_WARN_COMMA = YES;
				CLANG_WARN_CONSTANT_CONVERSION = YES;
				CLANG_WARN_DEPRECATED_OBJC_IMPLEMENTATIONS = YES;
				CLANG_WARN_DIRECT_OBJC_ISA_USAGE = YES_ERROR;
				CLANG_WARN_DOCUMENTATION_COMMENTS = YES;
				CLANG_WARN_EMPTY_BODY = YES;
				CLANG_WARN_ENUM_CONVERSION = YES;
				CLANG_WARN_INFINITE_RECURSION = YES;
				CLANG_WARN_INT_CONVERSION = YES;
				CLANG_WARN_NON_LITERAL_NULL_CONVERSION = YES;
				CLANG_WARN_OBJC_IMPLICIT_RETAIN_SELF = YES;
				CLANG_WARN_OBJC_LITERAL_CONVERSION = YES;
				CLANG_WARN_OBJC_ROOT_CLASS = YES_ERROR;
				CLANG_WARN_QUOTED_INCLUDE_IN_FRAMEWORK_HEADER = YES;
				CLANG_WARN_RANGE_LOOP_ANALYSIS = YES;
				CLANG_WARN_STRICT_PROTOTYPES = YES;
				CLANG_WARN_SUSPICIOUS_MOVE = YES;
				CLANG_WARN_UNGUARDED_AVAILABILITY = YES_AGGRESSIVE;
				CLANG_WARN_UNREACHABLE_CODE = YES;
				CLANG_WARN__DUPLICATE_METHOD_MATCH = YES;
				COPY_PHASE_STRIP = NO;
				DEBUG_INFORMATION_FORMAT = "dwarf-with-dsym";
				ENABLE_NS_ASSERTIONS = NO;
				ENABLE_STRICT_OBJC_MSGSEND = YES;
				ENABLE_USER_SCRIPT_SANDBOXING = YES;
				GCC_C_LANGUAGE_STANDARD = gnu17;
				GCC_NO_COMMON_BLOCKS = YES;
				GCC_WARN_64_TO_32_BIT_CONVERSION = YES;
				GCC_WARN_ABOUT_RETURN_TYPE = YES_ERROR;
				GCC_WARN_UNDECLARED_SELECTOR = YES;
				GCC_WARN_UNINITIALIZED_AUTOS = YES_AGGRESSIVE;
				GCC_WARN_UNUSED_FUNCTION = YES;
				GCC_WARN_UNUSED_VARIABLE = YES;
				LOCALIZATION_PREFERS_STRING_CATALOGS = YES;
				MTL_ENABLE_DEBUG_INFO = NO;
				MTL_FAST_MATH = YES;
				SWIFT_COMPILATION_MODE = wholemodule;
			};
			name = Release;
		};
		3AC97140302924C100613226 /* Debug */ = {
			isa = XCBuildConfiguration;
			buildSettings = {
				CODE_SIGN_STYLE = Automatic;
				DEVELOPMENT_TEAM = B475EXF89W;
				CURRENT_PROJECT_VERSION = 1;
				GENERATE_INFOPLIST_FILE = YES;
				INFOPLIST_FILE = "iOS (Extension)/Info.plist";
				INFOPLIST_KEY_CFBundleDisplayName = "Clear AT Extension";
				INFOPLIST_KEY_NSHumanReadableCopyright = "";
				IPHONEOS_DEPLOYMENT_TARGET = 15.0;
				LD_RUNPATH_SEARCH_PATHS = (
					"$(inherited)",
					"@executable_path/Frameworks",
					"@executable_path/../../Frameworks",
				);
				MARKETING_VERSION = 1.0;
				OTHER_LDFLAGS = (
					"-framework",
					SafariServices,
				);
				PRODUCT_BUNDLE_IDENTIFIER = app.clearat.ClearAT.Extension;
				PRODUCT_NAME = "Clear AT Extension";
				SDKROOT = iphoneos;
				SKIP_INSTALL = YES;
				STRING_CATALOG_GENERATE_SYMBOLS = YES;
				SWIFT_APPROACHABLE_CONCURRENCY = YES;
				SWIFT_EMIT_LOC_STRINGS = YES;
				SWIFT_UPCOMING_FEATURE_MEMBER_IMPORT_VISIBILITY = YES;
				SWIFT_VERSION = 5.0;
				TARGETED_DEVICE_FAMILY = "1,2";
			};
			name = Debug;
		};
		3AC97141302924C100613226 /* Release */ = {
			isa = XCBuildConfiguration;
			buildSettings = {
				CODE_SIGN_STYLE = Automatic;
				DEVELOPMENT_TEAM = B475EXF89W;
				CURRENT_PROJECT_VERSION = 1;
				GENERATE_INFOPLIST_FILE = YES;
				INFOPLIST_FILE = "iOS (Extension)/Info.plist";
				INFOPLIST_KEY_CFBundleDisplayName = "Clear AT Extension";
				INFOPLIST_KEY_NSHumanReadableCopyright = "";
				IPHONEOS_DEPLOYMENT_TARGET = 15.0;
				LD_RUNPATH_SEARCH_PATHS = (
					"$(inherited)",
					"@executable_path/Frameworks",
					"@executable_path/../../Frameworks",
				);
				MARKETING_VERSION = 1.0;
				OTHER_LDFLAGS = (
					"-framework",
					SafariServices,
				);
				PRODUCT_BUNDLE_IDENTIFIER = app.clearat.ClearAT.Extension;
				PRODUCT_NAME = "Clear AT Extension";
				SDKROOT = iphoneos;
				SKIP_INSTALL = YES;
				STRING_CATALOG_GENERATE_SYMBOLS = YES;
				SWIFT_APPROACHABLE_CONCURRENCY = YES;
				SWIFT_EMIT_LOC_STRINGS = YES;
				SWIFT_UPCOMING_FEATURE_MEMBER_IMPORT_VISIBILITY = YES;
				SWIFT_VERSION = 5.0;
				TARGETED_DEVICE_FAMILY = "1,2";
				VALIDATE_PRODUCT = YES;
			};
			name = Release;
		};
		3AC97144302924C100613226 /* Debug */ = {
			isa = XCBuildConfiguration;
			buildSettings = {
				ASSETCATALOG_COMPILER_APPICON_NAME = AppIcon;
				ASSETCATALOG_COMPILER_GLOBAL_ACCENT_COLOR_NAME = AccentColor;
				CODE_SIGN_STYLE = Automatic;
				DEVELOPMENT_TEAM = B475EXF89W;
				CURRENT_PROJECT_VERSION = 1;
				GENERATE_INFOPLIST_FILE = YES;
				INFOPLIST_FILE = "iOS (App)/Info.plist";
				INFOPLIST_KEY_CFBundleDisplayName = "Clear AT";
				INFOPLIST_KEY_UIApplicationSupportsIndirectInputEvents = YES;
				INFOPLIST_KEY_UILaunchStoryboardName = LaunchScreen;
				INFOPLIST_KEY_UIMainStoryboardFile = Main;
				INFOPLIST_KEY_UISupportedInterfaceOrientations = "UIInterfaceOrientationPortrait UIInterfaceOrientationLandscapeLeft UIInterfaceOrientationLandscapeRight";
				INFOPLIST_KEY_UISupportedInterfaceOrientations_iPad = "UIInterfaceOrientationPortrait UIInterfaceOrientationPortraitUpsideDown UIInterfaceOrientationLandscapeLeft UIInterfaceOrientationLandscapeRight";
				IPHONEOS_DEPLOYMENT_TARGET = 15.0;
				LD_RUNPATH_SEARCH_PATHS = (
					"$(inherited)",
					"@executable_path/Frameworks",
				);
				MARKETING_VERSION = 1.0;
				OTHER_LDFLAGS = (
					"-framework",
					SafariServices,
					"-framework",
					WebKit,
				);
				PRODUCT_BUNDLE_IDENTIFIER = app.clearat.ClearAT;
				PRODUCT_NAME = "Clear AT";
				SDKROOT = iphoneos;
				STRING_CATALOG_GENERATE_SYMBOLS = YES;
				SWIFT_APPROACHABLE_CONCURRENCY = YES;
				SWIFT_DEFAULT_ACTOR_ISOLATION = MainActor;
				SWIFT_EMIT_LOC_STRINGS = YES;
				SWIFT_UPCOMING_FEATURE_MEMBER_IMPORT_VISIBILITY = YES;
				SWIFT_VERSION = 5.0;
				TARGETED_DEVICE_FAMILY = "1,2";
			};
			name = Debug;
		};
		3AC97145302924C100613226 /* Release */ = {
			isa = XCBuildConfiguration;
			buildSettings = {
				ASSETCATALOG_COMPILER_APPICON_NAME = AppIcon;
				ASSETCATALOG_COMPILER_GLOBAL_ACCENT_COLOR_NAME = AccentColor;
				CODE_SIGN_STYLE = Automatic;
				DEVELOPMENT_TEAM = B475EXF89W;
				CURRENT_PROJECT_VERSION = 1;
				GENERATE_INFOPLIST_FILE = YES;
				INFOPLIST_FILE = "iOS (App)/Info.plist";
				INFOPLIST_KEY_CFBundleDisplayName = "Clear AT";
				INFOPLIST_KEY_UIApplicationSupportsIndirectInputEvents = YES;
				INFOPLIST_KEY_UILaunchStoryboardName = LaunchScreen;
				INFOPLIST_KEY_UIMainStoryboardFile = Main;
				INFOPLIST_KEY_UISupportedInterfaceOrientations = "UIInterfaceOrientationPortrait UIInterfaceOrientationLandscapeLeft UIInterfaceOrientationLandscapeRight";
				INFOPLIST_KEY_UISupportedInterfaceOrientations_iPad = "UIInterfaceOrientationPortrait UIInterfaceOrientationPortraitUpsideDown UIInterfaceOrientationLandscapeLeft UIInterfaceOrientationLandscapeRight";
				IPHONEOS_DEPLOYMENT_TARGET = 15.0;
				LD_RUNPATH_SEARCH_PATHS = (
					"$(inherited)",
					"@executable_path/Frameworks",
				);
				MARKETING_VERSION = 1.0;
				OTHER_LDFLAGS = (
					"-framework",
					SafariServices,
					"-framework",
					WebKit,
				);
				PRODUCT_BUNDLE_IDENTIFIER = app.clearat.ClearAT;
				PRODUCT_NAME = "Clear AT";
				SDKROOT = iphoneos;
				STRING_CATALOG_GENERATE_SYMBOLS = YES;
				SWIFT_APPROACHABLE_CONCURRENCY = YES;
				SWIFT_DEFAULT_ACTOR_ISOLATION = MainActor;
				SWIFT_EMIT_LOC_STRINGS = YES;
				SWIFT_UPCOMING_FEATURE_MEMBER_IMPORT_VISIBILITY = YES;
				SWIFT_VERSION = 5.0;
				TARGETED_DEVICE_FAMILY = "1,2";
				VALIDATE_PRODUCT = YES;
			};
			name = Release;
		};
		3AC97147302924C100613226 /* Debug */ = {
			isa = XCBuildConfiguration;
			buildSettings = {
				CODE_SIGN_STYLE = Automatic;
				DEVELOPMENT_TEAM = B475EXF89W;
				CURRENT_PROJECT_VERSION = 1;
				ENABLE_APP_SANDBOX = YES;
				ENABLE_HARDENED_RUNTIME = YES;
				ENABLE_USER_SELECTED_FILES = readonly;
				GENERATE_INFOPLIST_FILE = YES;
				INFOPLIST_FILE = "macOS (Extension)/Info.plist";
				INFOPLIST_KEY_CFBundleDisplayName = "Clear AT Extension";
				INFOPLIST_KEY_NSHumanReadableCopyright = "";
				LD_RUNPATH_SEARCH_PATHS = (
					"$(inherited)",
					"@executable_path/../Frameworks",
					"@executable_path/../../../../Frameworks",
				);
				MACOSX_DEPLOYMENT_TARGET = 10.14;
				MARKETING_VERSION = 1.0;
				OTHER_LDFLAGS = (
					"-framework",
					SafariServices,
				);
				PRODUCT_BUNDLE_IDENTIFIER = app.clearat.ClearAT.Extension;
				PRODUCT_NAME = "Clear AT Extension";
				SDKROOT = macosx;
				SKIP_INSTALL = YES;
				STRING_CATALOG_GENERATE_SYMBOLS = YES;
				SWIFT_APPROACHABLE_CONCURRENCY = YES;
				SWIFT_EMIT_LOC_STRINGS = YES;
				SWIFT_UPCOMING_FEATURE_MEMBER_IMPORT_VISIBILITY = YES;
				SWIFT_VERSION = 5.0;
			};
			name = Debug;
		};
		3AC97148302924C100613226 /* Release */ = {
			isa = XCBuildConfiguration;
			buildSettings = {
				CODE_SIGN_STYLE = Automatic;
				DEVELOPMENT_TEAM = B475EXF89W;
				CURRENT_PROJECT_VERSION = 1;
				ENABLE_APP_SANDBOX = YES;
				ENABLE_HARDENED_RUNTIME = YES;
				ENABLE_USER_SELECTED_FILES = readonly;
				GENERATE_INFOPLIST_FILE = YES;
				INFOPLIST_FILE = "macOS (Extension)/Info.plist";
				INFOPLIST_KEY_CFBundleDisplayName = "Clear AT Extension";
				INFOPLIST_KEY_NSHumanReadableCopyright = "";
				LD_RUNPATH_SEARCH_PATHS = (
					"$(inherited)",
					"@executable_path/../Frameworks",
					"@executable_path/../../../../Frameworks",
				);
				MACOSX_DEPLOYMENT_TARGET = 10.14;
				MARKETING_VERSION = 1.0;
				OTHER_LDFLAGS = (
					"-framework",
					SafariServices,
				);
				PRODUCT_BUNDLE_IDENTIFIER = app.clearat.ClearAT.Extension;
				PRODUCT_NAME = "Clear AT Extension";
				SDKROOT = macosx;
				SKIP_INSTALL = YES;
				STRING_CATALOG_GENERATE_SYMBOLS = YES;
				SWIFT_APPROACHABLE_CONCURRENCY = YES;
				SWIFT_EMIT_LOC_STRINGS = YES;
				SWIFT_UPCOMING_FEATURE_MEMBER_IMPORT_VISIBILITY = YES;
				SWIFT_VERSION = 5.0;
			};
			name = Release;
		};
		3AC9714B302924C100613226 /* Debug */ = {
			isa = XCBuildConfiguration;
			buildSettings = {
				ASSETCATALOG_COMPILER_APPICON_NAME = AppIcon;
				ASSETCATALOG_COMPILER_GLOBAL_ACCENT_COLOR_NAME = AccentColor;
				CODE_SIGN_STYLE = Automatic;
				DEVELOPMENT_TEAM = B475EXF89W;
				CURRENT_PROJECT_VERSION = 1;
				ENABLE_APP_SANDBOX = YES;
				ENABLE_HARDENED_RUNTIME = YES;
				ENABLE_OUTGOING_NETWORK_CONNECTIONS = YES;
				ENABLE_USER_SELECTED_FILES = readonly;
				GENERATE_INFOPLIST_FILE = YES;
				INFOPLIST_FILE = "macOS (App)/Info.plist";
				INFOPLIST_KEY_CFBundleDisplayName = "Clear AT";
				INFOPLIST_KEY_NSMainStoryboardFile = Main;
				INFOPLIST_KEY_NSPrincipalClass = NSApplication;
				LD_RUNPATH_SEARCH_PATHS = (
					"$(inherited)",
					"@executable_path/../Frameworks",
				);
				MACOSX_DEPLOYMENT_TARGET = 10.14;
				MARKETING_VERSION = 1.0;
				OTHER_LDFLAGS = (
					"-framework",
					SafariServices,
					"-framework",
					WebKit,
				);
				PRODUCT_BUNDLE_IDENTIFIER = app.clearat.ClearAT;
				PRODUCT_NAME = "Clear AT";
				REGISTER_APP_GROUPS = YES;
				SDKROOT = macosx;
				STRING_CATALOG_GENERATE_SYMBOLS = YES;
				SWIFT_APPROACHABLE_CONCURRENCY = YES;
				SWIFT_DEFAULT_ACTOR_ISOLATION = MainActor;
				SWIFT_EMIT_LOC_STRINGS = YES;
				SWIFT_UPCOMING_FEATURE_MEMBER_IMPORT_VISIBILITY = YES;
				SWIFT_VERSION = 5.0;
			};
			name = Debug;
		};
		3AC9714C302924C100613226 /* Release */ = {
			isa = XCBuildConfiguration;
			buildSettings = {
				ASSETCATALOG_COMPILER_APPICON_NAME = AppIcon;
				ASSETCATALOG_COMPILER_GLOBAL_ACCENT_COLOR_NAME = AccentColor;
				CODE_SIGN_STYLE = Automatic;
				DEVELOPMENT_TEAM = B475EXF89W;
				CURRENT_PROJECT_VERSION = 1;
				ENABLE_APP_SANDBOX = YES;
				ENABLE_HARDENED_RUNTIME = YES;
				ENABLE_OUTGOING_NETWORK_CONNECTIONS = YES;
				ENABLE_USER_SELECTED_FILES = readonly;
				GENERATE_INFOPLIST_FILE = YES;
				INFOPLIST_FILE = "macOS (App)/Info.plist";
				INFOPLIST_KEY_CFBundleDisplayName = "Clear AT";
				INFOPLIST_KEY_NSMainStoryboardFile = Main;
				INFOPLIST_KEY_NSPrincipalClass = NSApplication;
				LD_RUNPATH_SEARCH_PATHS = (
					"$(inherited)",
					"@executable_path/../Frameworks",
				);
				MACOSX_DEPLOYMENT_TARGET = 10.14;
				MARKETING_VERSION = 1.0;
				OTHER_LDFLAGS = (
					"-framework",
					SafariServices,
					"-framework",
					WebKit,
				);
				PRODUCT_BUNDLE_IDENTIFIER = app.clearat.ClearAT;
				PRODUCT_NAME = "Clear AT";
				REGISTER_APP_GROUPS = YES;
				SDKROOT = macosx;
				STRING_CATALOG_GENERATE_SYMBOLS = YES;
				SWIFT_APPROACHABLE_CONCURRENCY = YES;
				SWIFT_DEFAULT_ACTOR_ISOLATION = MainActor;
				SWIFT_EMIT_LOC_STRINGS = YES;
				SWIFT_UPCOMING_FEATURE_MEMBER_IMPORT_VISIBILITY = YES;
				SWIFT_VERSION = 5.0;
			};
			name = Release;
		};
/* End XCBuildConfiguration section */

/* Begin XCConfigurationList section */
		3AC970F1302924C100613226 /* Build configuration list for PBXProject "Clear AT" */ = {
			isa = XCConfigurationList;
			buildConfigurations = (
				3AC9713D302924C100613226 /* Debug */,
				3AC9713E302924C100613226 /* Release */,
			);
			defaultConfigurationIsVisible = 0;
			defaultConfigurationName = Release;
		};
		3AC9713F302924C100613226 /* Build configuration list for PBXNativeTarget "Clear AT Extension (iOS)" */ = {
			isa = XCConfigurationList;
			buildConfigurations = (
				3AC97140302924C100613226 /* Debug */,
				3AC97141302924C100613226 /* Release */,
			);
			defaultConfigurationIsVisible = 0;
			defaultConfigurationName = Release;
		};
		3AC97143302924C100613226 /* Build configuration list for PBXNativeTarget "Clear AT (iOS)" */ = {
			isa = XCConfigurationList;
			buildConfigurations = (
				3AC97144302924C100613226 /* Debug */,
				3AC97145302924C100613226 /* Release */,
			);
			defaultConfigurationIsVisible = 0;
			defaultConfigurationName = Release;
		};
		3AC97146302924C100613226 /* Build configuration list for PBXNativeTarget "Clear AT Extension (macOS)" */ = {
			isa = XCConfigurationList;
			buildConfigurations = (
				3AC97147302924C100613226 /* Debug */,
				3AC97148302924C100613226 /* Release */,
			);
			defaultConfigurationIsVisible = 0;
			defaultConfigurationName = Release;
		};
		3AC9714A302924C100613226 /* Build configuration list for PBXNativeTarget "Clear AT (macOS)" */ = {
			isa = XCConfigurationList;
			buildConfigurations = (
				3AC9714B302924C100613226 /* Debug */,
				3AC9714C302924C100613226 /* Release */,
			);
			defaultConfigurationIsVisible = 0;
			defaultConfigurationName = Release;
		};
/* End XCConfigurationList section */
	};
	rootObject = 3AC970EE302924C100613226 /* Project object */;
}
